
Microsoft Visual Studio Solution File, Format Version 11.00
# Visual Studio 2010
Project("{FAE04EC0-301F-11D3-BF4B-00C04F79EFBC}") = "MaintainATSPlan", "MaintainPlan\MaintainATSPlan.csproj", "{323F3F05-E73D-45E0-9B44-3FD5F79FD1EF}"
EndProject
Global
	GlobalSection(SolutionConfigurationPlatforms) = preSolution
		Debug|Any CPU = Debug|Any CPU
		Debug|x86 = Debug|x86
		Release|Any CPU = Release|Any CPU
		Release|x86 = Release|x86
	EndGlobalSection
	GlobalSection(ProjectConfigurationPlatforms) = postSolution
		{323F3F05-E73D-45E0-9B44-3FD5F79FD1EF}.Debug|Any CPU.ActiveCfg = Debug|x86
		{323F3F05-E73D-45E0-9B44-3FD5F79FD1EF}.Debug|Any CPU.Build.0 = Debug|x86
		{323F3F05-E73D-45E0-9B44-3FD5F79FD1EF}.Debug|x86.ActiveCfg = Release|Any CPU
		{323F3F05-E73D-45E0-9B44-3FD5F79FD1EF}.Debug|x86.Build.0 = Release|Any CPU
		{323F3F05-E73D-45E0-9B44-3FD5F79FD1EF}.Release|Any CPU.ActiveCfg = Release|Any CPU
		{323F3F05-E73D-45E0-9B44-3FD5F79FD1EF}.Release|Any CPU.Build.0 = Release|Any CPU
		{323F3F05-E73D-45E0-9B44-3FD5F79FD1EF}.Release|x86.ActiveCfg = Release|x86
		{323F3F05-E73D-45E0-9B44-3FD5F79FD1EF}.Release|x86.Build.0 = Release|x86
	EndGlobalSection
	GlobalSection(SolutionProperties) = preSolution
		HideSolutionNode = FALSE
	EndGlobalSection
EndGlobal
