
Microsoft Visual Studio Solution File, Format Version 11.00
# Visual Studio 2010
Project("{FAE04EC0-301F-11D3-BF4B-00C04F79EFBC}") = "Load TestData", "Load TestData\Load TestData.csproj", "{E6FF6EA7-1837-42D6-B2B4-7CC76A87B71F}"
EndProject
Global
	GlobalSection(SolutionConfigurationPlatforms) = preSolution
		Debug|x86 = Debug|x86
		Release|x86 = Release|x86
	EndGlobalSection
	GlobalSection(ProjectConfigurationPlatforms) = postSolution
		{E6FF6EA7-1837-42D6-B2B4-7CC76A87B71F}.Debug|x86.ActiveCfg = Debug|x86
		{E6FF6EA7-1837-42D6-B2B4-7CC76A87B71F}.Debug|x86.Build.0 = Debug|x86
		{E6FF6EA7-1837-42D6-B2B4-7CC76A87B71F}.Release|x86.ActiveCfg = Release|x86
		{E6FF6EA7-1837-42D6-B2B4-7CC76A87B71F}.Release|x86.Build.0 = Release|x86
	EndGlobalSection
	GlobalSection(SolutionProperties) = preSolution
		HideSolutionNode = FALSE
	EndGlobalSection
EndGlobal
